
Microsoft Visual Studio Solution File, Format Version 12.00
# Visual Studio Version 17
VisualStudioVersion = 17.5.002.0
MinimumVisualStudioVersion = 10.0.40219.1
Project("{9A19103F-16F7-4668-BE54-9A1E7A4F7556}") = "ChestState", "ChestState.csproj", "{3CD08F24-F680-45B1-BD38-73E620014E2E}"
EndProject
Global
	GlobalSection(SolutionConfigurationPlatforms) = preSolution
		Debug|Any CPU = Debug|Any CPU
		Release|Any CPU = Release|Any CPU
	EndGlobalSection
	GlobalSection(ProjectConfigurationPlatforms) = postSolution
		{3CD08F24-F680-45B1-BD38-73E620014E2E}.Debug|Any CPU.ActiveCfg = Debug|Any CPU
		{3CD08F24-F680-45B1-BD38-73E620014E2E}.Debug|Any CPU.Build.0 = Debug|Any CPU
		{3CD08F24-F680-45B1-BD38-73E620014E2E}.Release|Any CPU.ActiveCfg = Release|Any CPU
		{3CD08F24-F680-45B1-BD38-73E620014E2E}.Release|Any CPU.Build.0 = Release|Any CPU
	EndGlobalSection
	GlobalSection(SolutionProperties) = preSolution
		HideSolutionNode = FALSE
	EndGlobalSection
	GlobalSection(ExtensibilityGlobals) = postSolution
		SolutionGuid = {44E3F3D8-4227-4122-BC6C-B62172AD1309}
	EndGlobalSection
EndGlobal
